{
  "name": "npm-publish-test",
  "version": "1.0.0",
  "lockfileVersion": 3,
  "requires": true,
  "packages": {
    "": {
      "name": "npm-publish-test",
      "version": "1.0.0",
      "license": "GPL-2.0",
      "dependencies": {
        "layer8_interceptor": "^0.0.10"
      }
    },
    "node_modules/layer8_interceptor": {
      "version": "0.0.10",
      "resolved": "https://registry.npmjs.org/layer8_interceptor/-/layer8_interceptor-0.0.10.tgz",
      "integrity": "sha512-EYYIRiF86lqjmxaya9XV31JeHaN1r+lnR5HFk7G57TAIclScuWskmKKExB0aTL+NNUaNJBJJKXRxWllYpxvZgA=="
    }
  }
}
